
Microsoft Visual Studio Solution File, Format Version 12.00
# Visual Studio Version 16
VisualStudioVersion = 16.0.30114.105
MinimumVisualStudioVersion = 10.0.40219.1
Project("{FAE04EC0-301F-11D3-BF4B-00C04F79EFBC}") = "GraphFunctions", "GraphFunctions\GraphFunctions.csproj", "{D00DD245-8748-49DA-8110-FE29A4F4698F}"
EndProject
Project("{FAE04EC0-301F-11D3-BF4B-00C04F79EFBC}") = "TestingConsole", "TestingConsole\TestingConsole.csproj", "{4F8720E9-111F-4953-BF07-012BABDB237F}"
EndProject
Global
	GlobalSection(SolutionConfigurationPlatforms) = preSolution
		Debug|Any CPU = Debug|Any CPU
		Release|Any CPU = Release|Any CPU
	EndGlobalSection
	GlobalSection(SolutionProperties) = preSolution
		HideSolutionNode = FALSE
	EndGlobalSection
	GlobalSection(ProjectConfigurationPlatforms) = postSolution
		{D00DD245-8748-49DA-8110-FE29A4F4698F}.Debug|Any CPU.ActiveCfg = Debug|Any CPU
		{D00DD245-8748-49DA-8110-FE29A4F4698F}.Debug|Any CPU.Build.0 = Debug|Any CPU
		{D00DD245-8748-49DA-8110-FE29A4F4698F}.Release|Any CPU.ActiveCfg = Release|Any CPU
		{D00DD245-8748-49DA-8110-FE29A4F4698F}.Release|Any CPU.Build.0 = Release|Any CPU
		{4F8720E9-111F-4953-BF07-012BABDB237F}.Debug|Any CPU.ActiveCfg = Debug|Any CPU
		{4F8720E9-111F-4953-BF07-012BABDB237F}.Debug|Any CPU.Build.0 = Debug|Any CPU
		{4F8720E9-111F-4953-BF07-012BABDB237F}.Release|Any CPU.ActiveCfg = Release|Any CPU
		{4F8720E9-111F-4953-BF07-012BABDB237F}.Release|Any CPU.Build.0 = Release|Any CPU
	EndGlobalSection
EndGlobal
